
Microsoft Visual Studio Solution File, Format Version 12.00
# Visual Studio 2013
VisualStudioVersion = 12.0.31101.0
MinimumVisualStudioVersion = 10.0.40219.1
Project("{FAE04EC0-301F-11D3-BF4B-00C04F79EFBC}") = "HubBrowser.Core", "HubBrowser.Core\HubBrowser.Core.csproj", "{B861D1A1-FA30-4866-9321-4EA935AAA762}"
EndProject
Project("{FAE04EC0-301F-11D3-BF4B-00C04F79EFBC}") = "HubBrowser.Android", "HubBrowser.Android\HubBrowser.Android.csproj", "{E9977830-65DD-4F09-B440-69F8C88D69CA}"
EndProject
Project("{FAE04EC0-301F-11D3-BF4B-00C04F79EFBC}") = "HubBrowser.iOS", "HubBrowser.iOS\HubBrowser.iOS.csproj", "{6A752850-F8BE-4660-A06E-4E565E837FFD}"
EndProject
Global
	GlobalSection(SolutionConfigurationPlatforms) = preSolution
		Ad-Hoc|Any CPU = Ad-Hoc|Any CPU
		Ad-Hoc|iPhone = Ad-Hoc|iPhone
		Ad-Hoc|iPhoneSimulator = Ad-Hoc|iPhoneSimulator
		Ad-Hoc|Mixed Platforms = Ad-Hoc|Mixed Platforms
		AppStore|Any CPU = AppStore|Any CPU
		AppStore|iPhone = AppStore|iPhone
		AppStore|iPhoneSimulator = AppStore|iPhoneSimulator
		AppStore|Mixed Platforms = AppStore|Mixed Platforms
		Debug|Any CPU = Debug|Any CPU
		Debug|iPhone = Debug|iPhone
		Debug|iPhoneSimulator = Debug|iPhoneSimulator
		Debug|Mixed Platforms = Debug|Mixed Platforms
		Release|Any CPU = Release|Any CPU
		Release|iPhone = Release|iPhone
		Release|iPhoneSimulator = Release|iPhoneSimulator
		Release|Mixed Platforms = Release|Mixed Platforms
	EndGlobalSection
	GlobalSection(ProjectConfigurationPlatforms) = postSolution
		{B861D1A1-FA30-4866-9321-4EA935AAA762}.Ad-Hoc|Any CPU.ActiveCfg = Release|Any CPU
		{B861D1A1-FA30-4866-9321-4EA935AAA762}.Ad-Hoc|Any CPU.Build.0 = Release|Any CPU
		{B861D1A1-FA30-4866-9321-4EA935AAA762}.Ad-Hoc|iPhone.ActiveCfg = Release|Any CPU
		{B861D1A1-FA30-4866-9321-4EA935AAA762}.Ad-Hoc|iPhoneSimulator.ActiveCfg = Release|Any CPU
		{B861D1A1-FA30-4866-9321-4EA935AAA762}.Ad-Hoc|Mixed Platforms.ActiveCfg = Release|Any CPU
		{B861D1A1-FA30-4866-9321-4EA935AAA762}.Ad-Hoc|Mixed Platforms.Build.0 = Release|Any CPU
		{B861D1A1-FA30-4866-9321-4EA935AAA762}.AppStore|Any CPU.ActiveCfg = Release|Any CPU
		{B861D1A1-FA30-4866-9321-4EA935AAA762}.AppStore|Any CPU.Build.0 = Release|Any CPU
		{B861D1A1-FA30-4866-9321-4EA935AAA762}.AppStore|iPhone.ActiveCfg = Release|Any CPU
		{B861D1A1-FA30-4866-9321-4EA935AAA762}.AppStore|iPhoneSimulator.ActiveCfg = Release|Any CPU
		{B861D1A1-FA30-4866-9321-4EA935AAA762}.AppStore|Mixed Platforms.ActiveCfg = Release|Any CPU
		{B861D1A1-FA30-4866-9321-4EA935AAA762}.AppStore|Mixed Platforms.Build.0 = Release|Any CPU
		{B861D1A1-FA30-4866-9321-4EA935AAA762}.Debug|Any CPU.ActiveCfg = Debug|Any CPU
		{B861D1A1-FA30-4866-9321-4EA935AAA762}.Debug|Any CPU.Build.0 = Debug|Any CPU
		{B861D1A1-FA30-4866-9321-4EA935AAA762}.Debug|iPhone.ActiveCfg = Debug|Any CPU
		{B861D1A1-FA30-4866-9321-4EA935AAA762}.Debug|iPhoneSimulator.ActiveCfg = Debug|Any CPU
		{B861D1A1-FA30-4866-9321-4EA935AAA762}.Debug|iPhoneSimulator.Build.0 = Debug|Any CPU
		{B861D1A1-FA30-4866-9321-4EA935AAA762}.Debug|Mixed Platforms.ActiveCfg = Debug|Any CPU
		{B861D1A1-FA30-4866-9321-4EA935AAA762}.Debug|Mixed Platforms.Build.0 = Debug|Any CPU
		{B861D1A1-FA30-4866-9321-4EA935AAA762}.Release|Any CPU.ActiveCfg = Release|Any CPU
		{B861D1A1-FA30-4866-9321-4EA935AAA762}.Release|Any CPU.Build.0 = Release|Any CPU
		{B861D1A1-FA30-4866-9321-4EA935AAA762}.Release|iPhone.ActiveCfg = Release|Any CPU
		{B861D1A1-FA30-4866-9321-4EA935AAA762}.Release|iPhoneSimulator.ActiveCfg = Release|Any CPU
		{B861D1A1-FA30-4866-9321-4EA935AAA762}.Release|Mixed Platforms.ActiveCfg = Release|Any CPU
		{B861D1A1-FA30-4866-9321-4EA935AAA762}.Release|Mixed Platforms.Build.0 = Release|Any CPU
		{E9977830-65DD-4F09-B440-69F8C88D69CA}.Ad-Hoc|Any CPU.ActiveCfg = Release|Any CPU
		{E9977830-65DD-4F09-B440-69F8C88D69CA}.Ad-Hoc|Any CPU.Build.0 = Release|Any CPU
		{E9977830-65DD-4F09-B440-69F8C88D69CA}.Ad-Hoc|Any CPU.Deploy.0 = Release|Any CPU
		{E9977830-65DD-4F09-B440-69F8C88D69CA}.Ad-Hoc|iPhone.ActiveCfg = Release|Any CPU
		{E9977830-65DD-4F09-B440-69F8C88D69CA}.Ad-Hoc|iPhoneSimulator.ActiveCfg = Release|Any CPU
		{E9977830-65DD-4F09-B440-69F8C88D69CA}.Ad-Hoc|Mixed Platforms.ActiveCfg = Release|Any CPU
		{E9977830-65DD-4F09-B440-69F8C88D69CA}.Ad-Hoc|Mixed Platforms.Build.0 = Release|Any CPU
		{E9977830-65DD-4F09-B440-69F8C88D69CA}.Ad-Hoc|Mixed Platforms.Deploy.0 = Release|Any CPU
		{E9977830-65DD-4F09-B440-69F8C88D69CA}.AppStore|Any CPU.ActiveCfg = Release|Any CPU
		{E9977830-65DD-4F09-B440-69F8C88D69CA}.AppStore|Any CPU.Build.0 = Release|Any CPU
		{E9977830-65DD-4F09-B440-69F8C88D69CA}.AppStore|Any CPU.Deploy.0 = Release|Any CPU
		{E9977830-65DD-4F09-B440-69F8C88D69CA}.AppStore|iPhone.ActiveCfg = Release|Any CPU
		{E9977830-65DD-4F09-B440-69F8C88D69CA}.AppStore|iPhoneSimulator.ActiveCfg = Release|Any CPU
		{E9977830-65DD-4F09-B440-69F8C88D69CA}.AppStore|Mixed Platforms.ActiveCfg = Release|Any CPU
		{E9977830-65DD-4F09-B440-69F8C88D69CA}.AppStore|Mixed Platforms.Build.0 = Release|Any CPU
		{E9977830-65DD-4F09-B440-69F8C88D69CA}.AppStore|Mixed Platforms.Deploy.0 = Release|Any CPU
		{E9977830-65DD-4F09-B440-69F8C88D69CA}.Debug|Any CPU.ActiveCfg = Debug|Any CPU
		{E9977830-65DD-4F09-B440-69F8C88D69CA}.Debug|Any CPU.Build.0 = Debug|Any CPU
		{E9977830-65DD-4F09-B440-69F8C88D69CA}.Debug|Any CPU.Deploy.0 = Debug|Any CPU
		{E9977830-65DD-4F09-B440-69F8C88D69CA}.Debug|iPhone.ActiveCfg = Debug|Any CPU
		{E9977830-65DD-4F09-B440-69F8C88D69CA}.Debug|iPhoneSimulator.ActiveCfg = Debug|Any CPU
		{E9977830-65DD-4F09-B440-69F8C88D69CA}.Debug|iPhoneSimulator.Build.0 = Debug|Any CPU
		{E9977830-65DD-4F09-B440-69F8C88D69CA}.Debug|iPhoneSimulator.Deploy.0 = Debug|Any CPU
		{E9977830-65DD-4F09-B440-69F8C88D69CA}.Debug|Mixed Platforms.ActiveCfg = Debug|Any CPU
		{E9977830-65DD-4F09-B440-69F8C88D69CA}.Debug|Mixed Platforms.Build.0 = Debug|Any CPU
		{E9977830-65DD-4F09-B440-69F8C88D69CA}.Debug|Mixed Platforms.Deploy.0 = Debug|Any CPU
		{E9977830-65DD-4F09-B440-69F8C88D69CA}.Release|Any CPU.ActiveCfg = Release|Any CPU
		{E9977830-65DD-4F09-B440-69F8C88D69CA}.Release|Any CPU.Build.0 = Release|Any CPU
		{E9977830-65DD-4F09-B440-69F8C88D69CA}.Release|Any CPU.Deploy.0 = Release|Any CPU
		{E9977830-65DD-4F09-B440-69F8C88D69CA}.Release|iPhone.ActiveCfg = Release|Any CPU
		{E9977830-65DD-4F09-B440-69F8C88D69CA}.Release|iPhoneSimulator.ActiveCfg = Release|Any CPU
		{E9977830-65DD-4F09-B440-69F8C88D69CA}.Release|Mixed Platforms.ActiveCfg = Release|Any CPU
		{E9977830-65DD-4F09-B440-69F8C88D69CA}.Release|Mixed Platforms.Build.0 = Release|Any CPU
		{E9977830-65DD-4F09-B440-69F8C88D69CA}.Release|Mixed Platforms.Deploy.0 = Release|Any CPU
		{6A752850-F8BE-4660-A06E-4E565E837FFD}.Ad-Hoc|Any CPU.ActiveCfg = Ad-Hoc|iPhone
		{6A752850-F8BE-4660-A06E-4E565E837FFD}.Ad-Hoc|iPhone.ActiveCfg = Ad-Hoc|iPhone
		{6A752850-F8BE-4660-A06E-4E565E837FFD}.Ad-Hoc|iPhone.Build.0 = Ad-Hoc|iPhone
		{6A752850-F8BE-4660-A06E-4E565E837FFD}.Ad-Hoc|iPhoneSimulator.ActiveCfg = Ad-Hoc|iPhoneSimulator
		{6A752850-F8BE-4660-A06E-4E565E837FFD}.Ad-Hoc|iPhoneSimulator.Build.0 = Ad-Hoc|iPhoneSimulator
		{6A752850-F8BE-4660-A06E-4E565E837FFD}.Ad-Hoc|Mixed Platforms.ActiveCfg = Ad-Hoc|iPhone
		{6A752850-F8BE-4660-A06E-4E565E837FFD}.Ad-Hoc|Mixed Platforms.Build.0 = Ad-Hoc|iPhone
		{6A752850-F8BE-4660-A06E-4E565E837FFD}.AppStore|Any CPU.ActiveCfg = AppStore|iPhone
		{6A752850-F8BE-4660-A06E-4E565E837FFD}.AppStore|iPhone.ActiveCfg = AppStore|iPhone
		{6A752850-F8BE-4660-A06E-4E565E837FFD}.AppStore|iPhone.Build.0 = AppStore|iPhone
		{6A752850-F8BE-4660-A06E-4E565E837FFD}.AppStore|iPhoneSimulator.ActiveCfg = AppStore|iPhoneSimulator
		{6A752850-F8BE-4660-A06E-4E565E837FFD}.AppStore|iPhoneSimulator.Build.0 = AppStore|iPhoneSimulator
		{6A752850-F8BE-4660-A06E-4E565E837FFD}.AppStore|Mixed Platforms.ActiveCfg = AppStore|iPhone
		{6A752850-F8BE-4660-A06E-4E565E837FFD}.AppStore|Mixed Platforms.Build.0 = AppStore|iPhone
		{6A752850-F8BE-4660-A06E-4E565E837FFD}.Debug|Any CPU.ActiveCfg = Debug|iPhone
		{6A752850-F8BE-4660-A06E-4E565E837FFD}.Debug|iPhone.ActiveCfg = Debug|iPhone
		{6A752850-F8BE-4660-A06E-4E565E837FFD}.Debug|iPhone.Build.0 = Debug|iPhone
		{6A752850-F8BE-4660-A06E-4E565E837FFD}.Debug|iPhoneSimulator.ActiveCfg = Debug|iPhoneSimulator
		{6A752850-F8BE-4660-A06E-4E565E837FFD}.Debug|iPhoneSimulator.Build.0 = Debug|iPhoneSimulator
		{6A752850-F8BE-4660-A06E-4E565E837FFD}.Debug|Mixed Platforms.ActiveCfg = Debug|iPhone
		{6A752850-F8BE-4660-A06E-4E565E837FFD}.Debug|Mixed Platforms.Build.0 = Debug|iPhone
		{6A752850-F8BE-4660-A06E-4E565E837FFD}.Release|Any CPU.ActiveCfg = Release|iPhone
		{6A752850-F8BE-4660-A06E-4E565E837FFD}.Release|iPhone.ActiveCfg = Release|iPhone
		{6A752850-F8BE-4660-A06E-4E565E837FFD}.Release|iPhone.Build.0 = Release|iPhone
		{6A752850-F8BE-4660-A06E-4E565E837FFD}.Release|iPhoneSimulator.ActiveCfg = Release|iPhoneSimulator
		{6A752850-F8BE-4660-A06E-4E565E837FFD}.Release|iPhoneSimulator.Build.0 = Release|iPhoneSimulator
		{6A752850-F8BE-4660-A06E-4E565E837FFD}.Release|Mixed Platforms.ActiveCfg = Release|iPhone
		{6A752850-F8BE-4660-A06E-4E565E837FFD}.Release|Mixed Platforms.Build.0 = Release|iPhone
	EndGlobalSection
	GlobalSection(SolutionProperties) = preSolution
		HideSolutionNode = FALSE
	EndGlobalSection
EndGlobal
